<?xml version="1.0" encoding="utf-8"?>
<Project ToolsVersion="4.0" xmlns="http://schemas.microsoft.com/developer/msbuild/2003">
  <ItemGroup>
    <ClCompile Include="Source\Application.cpp">
      <Filter>Source Files</Filter>
    </ClCompile>
    <ClCompile Include="Source\Camera.cpp">
      <Filter>Source Files</Filter>
    </ClCompile>
    <ClCompile Include="Source\Camera3.cpp">
      <Filter>Source Files</Filter>
    </ClCompile>
    <ClCompile Include="Source\CutSceneOne.cpp">
      <Filter>Source Files</Filter>
    </ClCompile>
    <ClCompile Include="source\CutSceneOneRenders.cpp">
      <Filter>Source Files</Filter>
    </ClCompile>
    <ClCompile Include="Source\Explorer.cpp">
      <Filter>Source Files</Filter>
    </ClCompile>
    <ClCompile Include="Source\GlobalVariables.cpp">
      <Filter>Source Files</Filter>
    </ClCompile>
    <ClCompile Include="source\HostileMob.cpp">
      <Filter>Source Files</Filter>
    </ClCompile>
    <ClCompile Include="Source\LoadOBJ.cpp">
      <Filter>Source Files</Filter>
    </ClCompile>
    <ClCompile Include="Source\LoadTGA.cpp">
      <Filter>Source Files</Filter>
    </ClCompile>
    <ClCompile Include="Source\main.cpp">
      <Filter>Source Files</Filter>
    </ClCompile>
    <ClCompile Include="Source\Mesh.cpp">
      <Filter>Source Files</Filter>
    </ClCompile>
    <ClCompile Include="source\MapRender.cpp">
      <Filter>Source Files</Filter>
    </ClCompile>
    <ClCompile Include="Source\Misc.cpp">
      <Filter>Source Files</Filter>
    </ClCompile>
    <ClCompile Include="Source\MeshBuilder.cpp">
      <Filter>Source Files</Filter>
    </ClCompile>
    <ClCompile Include="source\MobBossOne.cpp">
      <Filter>Source Files</Filter>
    </ClCompile>
    <ClCompile Include="source\MobGhost.cpp">
      <Filter>Source Files</Filter>
    </ClCompile>
    <ClCompile Include="Source\Music.cpp">
      <Filter>Source Files</Filter>
    </ClCompile>
    <ClCompile Include="Source\OBJAnimation.cpp">
      <Filter>Source Files</Filter>
    </ClCompile>
    <ClCompile Include="Source\OpeningCutScene2.cpp">
      <Filter>Source Files</Filter>
    </ClCompile>
    <ClCompile Include="Source\OpeningCutScene.cpp">
      <Filter>Source Files</Filter>
    </ClCompile>
    <ClCompile Include="Source\SceneEnd.cpp">
      <Filter>Source Files</Filter>
    </ClCompile>
    <ClCompile Include="source\SceneEndRenders.cpp">
      <Filter>Source Files</Filter>
    </ClCompile>
    <ClCompile Include="source\SceneLevelOneA.cpp">
      <Filter>Source Files</Filter>
    </ClCompile>
    <ClCompile Include="source\SceneLevelOneARenders.cpp">
      <Filter>Source Files</Filter>
    </ClCompile>
    <ClCompile Include="source\SceneLevelOneB.cpp">
      <Filter>Source Files</Filter>
    </ClCompile>
    <ClCompile Include="Source\SceneLevelOneBRenders.cpp">
      <Filter>Source Files</Filter>
    </ClCompile>
    <ClCompile Include="source\SceneLevelTwo.cpp">
      <Filter>Source Files</Filter>
    </ClCompile>
    <ClCompile Include="source\SceneLevelTwoRenders.cpp">
      <Filter>Source Files</Filter>
    </ClCompile>
    <ClCompile Include="Source\SceneOpening.cpp">
      <Filter>Source Files</Filter>
    </ClCompile>
    <ClCompile Include="Source\SceneStart.cpp">
      <Filter>Source Files</Filter>
    </ClCompile>
    <ClCompile Include="source\SceneStartRenders.cpp">
      <Filter>Source Files</Filter>
    </ClCompile>
    <ClCompile Include="Source\shader.cpp">
      <Filter>Source Files</Filter>
    </ClCompile>
    <ClCompile Include="Source\spawnPoints.cpp">
      <Filter>Source Files</Filter>
    </ClCompile>
    <ClCompile Include="Source\SwitchLightPuzzle.cpp">
      <Filter>Source Files</Filter>
    </ClCompile>
    <ClCompile Include="Source\ToolUI.cpp">
      <Filter>Source Files</Filter>
    </ClCompile>
    <ClCompile Include="Source\Utility.cpp">
      <Filter>Source Files</Filter>
    </ClCompile>
  </ItemGroup>
  <ItemGroup>
    <ClInclude Include="Source\Application.h">
      <Filter>Header Files</Filter>
    </ClInclude>
    <ClInclude Include="Source\Camera.h">
      <Filter>Header Files</Filter>
    </ClInclude>
    <ClInclude Include="Source\Camera3.h">
      <Filter>Header Files</Filter>
    </ClInclude>
    <ClInclude Include="Source\CutSceneOne.h">
      <Filter>Header Files</Filter>
    </ClInclude>
    <ClInclude Include="Source\Explorer.h">
      <Filter>Header Files</Filter>
    </ClInclude>
    <ClInclude Include="Source\GlobalVariables.h">
      <Filter>Header Files</Filter>
    </ClInclude>
    <ClInclude Include="Source\HostileMob.h">
      <Filter>Header Files</Filter>
    </ClInclude>
    <ClInclude Include="irrKlang\include\irrKlang.h">
      <Filter>Header Files</Filter>
    </ClInclude>
    <ClInclude Include="Source\Light.h">
      <Filter>Header Files</Filter>
    </ClInclude>
    <ClInclude Include="Source\LoadOBJ.h">
      <Filter>Header Files</Filter>
    </ClInclude>
    <ClInclude Include="Source\LoadTGA.h">
      <Filter>Header Files</Filter>
    </ClInclude>
    <ClInclude Include="Source\Material.h">
      <Filter>Header Files</Filter>
    </ClInclude>
    <ClInclude Include="Source\Mesh.h">
      <Filter>Header Files</Filter>
    </ClInclude>
    <ClInclude Include="Source\MeshBuilder.h">
      <Filter>Header Files</Filter>
    </ClInclude>
    <ClInclude Include="Source\Misc.h">
      <Filter>Header Files</Filter>
    </ClInclude>
    <ClInclude Include="source\MobBossOne.h">
      <Filter>Header Files</Filter>
    </ClInclude>
    <ClInclude Include="source\MobGhost.h">
      <Filter>Header Files</Filter>
    </ClInclude>
    <ClInclude Include="Source\Music.h">
      <Filter>Header Files</Filter>
    </ClInclude>
    <ClInclude Include="Source\OBJAnimation.h">
      <Filter>Header Files</Filter>
    </ClInclude>
    <ClInclude Include="Source\OpeningCutScene.h">
      <Filter>Header Files</Filter>
    </ClInclude>
    <ClInclude Include="Source\OpeningCutScene2.h">
      <Filter>Header Files</Filter>
    </ClInclude>
    <ClInclude Include="Source\Scene.h">
      <Filter>Header Files</Filter>
    </ClInclude>
    <ClInclude Include="Source\SceneEnd.h">
      <Filter>Header Files</Filter>
    </ClInclude>
    <ClInclude Include="source\SceneLevelOneA.h">
      <Filter>Header Files</Filter>
    </ClInclude>
    <ClInclude Include="source\SceneLevelOneB.h">
      <Filter>Header Files</Filter>
    </ClInclude>
    <ClInclude Include="source\SceneLevelTwo.h">
      <Filter>Header Files</Filter>
    </ClInclude>
    <ClInclude Include="Source\SceneOpening.h">
      <Filter>Header Files</Filter>
    </ClInclude>
    <ClInclude Include="Source\SceneStart.h">
      <Filter>Header Files</Filter>
    </ClInclude>
    <ClInclude Include="Source\spawnPoints.h">
      <Filter>Header Files</Filter>
    </ClInclude>
    <ClInclude Include="Source\SwitchLightPuzzle.h">
      <Filter>Header Files</Filter>
    </ClInclude>
    <ClInclude Include="Source\ToolUI.h">
      <Filter>Header Files</Filter>
    </ClInclude>
    <ClInclude Include="Source\Utility.h">
      <Filter>Header Files</Filter>
    </ClInclude>
    <ClInclude Include="Source\Vertex.h">
      <Filter>Header Files</Filter>
    </ClInclude>
    <ClInclude Include="Source\shader.hpp">
      <Filter>Header Files</Filter>
    </ClInclude>
  </ItemGroup>
  <ItemGroup>
    <None Include="Shader\LightSource.fragmentshader">
      <Filter>Shaders</Filter>
    </None>
    <None Include="Shader\Shading.fragmentshader">
      <Filter>Shaders</Filter>
    </None>
    <None Include="Shader\Shading.vertexshader">
      <Filter>Shaders</Filter>
    </None>
    <None Include="Shader\SimpleVertexShader.vertexshader">
      <Filter>Shaders</Filter>
    </None>
    <None Include="Shader\SimpleFragmentShader.fragmentshader">
      <Filter>Shaders</Filter>
    </None>
    <None Include="Shader\Text.fragmentshader">
      <Filter>Shaders</Filter>
    </None>
    <None Include="Shader\Texture.fragmentshader">
      <Filter>Shaders</Filter>
    </None>
    <None Include="Shader\Texture.vertexshader">
      <Filter>Shaders</Filter>
    </None>
    <None Include="Shader\TransformVertexShader.vertexshader">
      <Filter>Shaders</Filter>
    </None>
  </ItemGroup>
  <ItemGroup>
    <Filter Include="Header Files">
      <UniqueIdentifier>{f3de76e3-e22a-4ecf-9e02-b59bfd4cfd3e}</UniqueIdentifier>
    </Filter>
    <Filter Include="Source Files">
      <UniqueIdentifier>{acb0941c-7f8d-4e60-81c0-0b5705cc137c}</UniqueIdentifier>
    </Filter>
    <Filter Include="Shaders">
      <UniqueIdentifier>{0ea3e656-9de8-4a7a-aa73-a80054be90af}</UniqueIdentifier>
    </Filter>
  </ItemGroup>
</Project>